// !$*UTF8*$!
{
	archiveVersion = 1;
	classes = {
	};
	objectVersion = 55;
	objects = {

/* Begin PBXBuildFile section */
		A98EE9462BFBFB1C00EC2FB6 /* SoundViewController.swift in Sources */ = {isa = PBXBuildFile; fileRef = A98EE9452BFBFB1C00EC2FB6 /* SoundViewController.swift */; };
		A98FD98C2BF2DBB200EABB52 /* AppDelegate.swift in Sources */ = {isa = PBXBuildFile; fileRef = A98FD98B2BF2DBB200EABB52 /* AppDelegate.swift */; };
		A98FD98E2BF2DBB200EABB52 /* SceneDelegate.swift in Sources */ = {isa = PBXBuildFile; fileRef = A98FD98D2BF2DBB200EABB52 /* SceneDelegate.swift */; };
		A98FD9902BF2DBB200EABB52 /* ViewController.swift in Sources */ = {isa = PBXBuildFile; fileRef = A98FD98F2BF2DBB200EABB52 /* ViewController.swift */; };
		A98FD9932BF2DBB200EABB52 /* Main.storyboard in Resources */ = {isa = PBXBuildFile; fileRef = A98FD9912BF2DBB200EABB52 /* Main.storyboard */; };
		A98FD9962BF2DBB200EABB52 /* SoundBoard2.xcdatamodeld in Sources */ = {isa = PBXBuildFile; fileRef = A98FD9942BF2DBB200EABB52 /* SoundBoard2.xcdatamodeld */; };
		A98FD9982BF2DBB300EABB52 /* Assets.xcassets in Resources */ = {isa = PBXBuildFile; fileRef = A98FD9972BF2DBB300EABB52 /* Assets.xcassets */; };
		A98FD99B2BF2DBB300EABB52 /* LaunchScreen.storyboard in Resources */ = {isa = PBXBuildFile; fileRef = A98FD9992BF2DBB300EABB52 /* LaunchScreen.storyboard */; };
/* End PBXBuildFile section */

/* Begin PBXFileReference section */
		A98EE9452BFBFB1C00EC2FB6 /* SoundViewController.swift */ = {isa = PBXFileReference; lastKnownFileType = sourcecode.swift; path = SoundViewController.swift; sourceTree = "<group>"; };
		A98FD9882BF2DBB200EABB52 /* SoundBoard2.app */ = {isa = PBXFileReference; explicitFileType = wrapper.application; includeInIndex = 0; path = SoundBoard2.app; sourceTree = BUILT_PRODUCTS_DIR; };
		A98FD98B2BF2DBB200EABB52 /* AppDelegate.swift */ = {isa = PBXFileReference; lastKnownFileType = sourcecode.swift; path = AppDelegate.swift; sourceTree = "<group>"; };
		A98FD98D2BF2DBB200EABB52 /* SceneDelegate.swift */ = {isa = PBXFileReference; lastKnownFileType = sourcecode.swift; path = SceneDelegate.swift; sourceTree = "<group>"; };
		A98FD98F2BF2DBB200EABB52 /* ViewController.swift */ = {isa = PBXFileReference; lastKnownFileType = sourcecode.swift; path = ViewController.swift; sourceTree = "<group>"; };
		A98FD9922BF2DBB200EABB52 /* Base */ = {isa = PBXFileReference; lastKnownFileType = file.storyboard; name = Base; path = Base.lproj/Main.storyboard; sourceTree = "<group>"; };
		A98FD9952BF2DBB200EABB52 /* SoundBoard2.xcdatamodel */ = {isa = PBXFileReference; lastKnownFileType = wrapper.xcdatamodel; path = SoundBoard2.xcdatamodel; sourceTree = "<group>"; };
		A98FD9972BF2DBB300EABB52 /* Assets.xcassets */ = {isa = PBXFileReference; lastKnownFileType = folder.assetcatalog; path = Assets.xcassets; sourceTree = "<group>"; };
		A98FD99A2BF2DBB300EABB52 /* Base */ = {isa = PBXFileReference; lastKnownFileType = file.storyboard; name = Base; path = Base.lproj/LaunchScreen.storyboard; sourceTree = "<group>"; };
		A98FD99C2BF2DBB300EABB52 /* Info.plist */ = {isa = PBXFileReference; lastKnownFileType = text.plist.xml; path = Info.plist; sourceTree = "<group>"; };
/* End PBXFileReference section */

/* Begin PBXFrameworksBuildPhase section */
		A98FD9852BF2DBB200EABB52 /* Frameworks */ = {
			isa = PBXFrameworksBuildPhase;
			buildActionMask = 2147483647;
			files = (
			);
			runOnlyForDeploymentPostprocessing = 0;
		};
/* End PBXFrameworksBuildPhase section */

/* Begin PBXGroup section */
		A98FD97F2BF2DBB200EABB52 = {
			isa = PBXGroup;
			children = (
				A98FD98A2BF2DBB200EABB52 /* SoundBoard2 */,
				A98FD9892BF2DBB200EABB52 /* Products */,
			);
			sourceTree = "<group>";
		};
		A98FD9892BF2DBB200EABB52 /* Products */ = {
			isa = PBXGroup;
			children = (
				A98FD9882BF2DBB200EABB52 /* SoundBoard2.app */,
			);
			name = Products;
			sourceTree = "<group>";
		};
		A98FD98A2BF2DBB200EABB52 /* SoundBoard2 */ = {
			isa = PBXGroup;
			children = (
				A98FD98B2BF2DBB200EABB52 /* AppDelegate.swift */,
				A98FD98D2BF2DBB200EABB52 /* SceneDelegate.swift */,
				A98FD98F2BF2DBB200EABB52 /* ViewController.swift */,
				A98FD9912BF2DBB200EABB52 /* Main.storyboard */,
				A98EE9452BFBFB1C00EC2FB6 /* SoundViewController.swift */,
				A98FD9972BF2DBB300EABB52 /* Assets.xcassets */,
				A98FD9992BF2DBB300EABB52 /* LaunchScreen.storyboard */,
				A98FD99C2BF2DBB300EABB52 /* Info.plist */,
				A98FD9942BF2DBB200EABB52 /* SoundBoard2.xcdatamodeld */,
			);
			path = SoundBoard2;
			sourceTree = "<group>";
		};
/* End PBXGroup section */

/* Begin PBXNativeTarget section */
		A98FD9872BF2DBB200EABB52 /* SoundBoard2 */ = {
			isa = PBXNativeTarget;
			buildConfigurationList = A98FD99F2BF2DBB300EABB52 /* Build configuration list for PBXNativeTarget "SoundBoard2" */;
			buildPhases = (
				A98FD9842BF2DBB200EABB52 /* Sources */,
				A98FD9852BF2DBB200EABB52 /* Frameworks */,
				A98FD9862BF2DBB200EABB52 /* Resources */,
			);
			buildRules = (
			);
			dependencies = (
			);
			name = SoundBoard2;
			productName = SoundBoard2;
			productReference = A98FD9882BF2DBB200EABB52 /* SoundBoard2.app */;
			productType = "com.apple.product-type.application";
		};
/* End PBXNativeTarget section */

/* Begin PBXProject section */
		A98FD9802BF2DBB200EABB52 /* Project object */ = {
			isa = PBXProject;
			attributes = {
				BuildIndependentTargetsInParallel = 1;
				LastSwiftUpdateCheck = 1330;
				LastUpgradeCheck = 1330;
				TargetAttributes = {
					A98FD9872BF2DBB200EABB52 = {
						CreatedOnToolsVersion = 13.3;
					};
				};
			};
			buildConfigurationList = A98FD9832BF2DBB200EABB52 /* Build configuration list for PBXProject "SoundBoard2" */;
			compatibilityVersion = "Xcode 13.0";
			developmentRegion = en;
			hasScannedForEncodings = 0;
			knownRegions = (
				en,
				Base,
			);
			mainGroup = A98FD97F2BF2DBB200EABB52;
			productRefGroup = A98FD9892BF2DBB200EABB52 /* Products */;
			projectDirPath = "";
			projectRoot = "";
			targets = (
				A98FD9872BF2DBB200EABB52 /* SoundBoard2 */,
			);
		};
/* End PBXProject section */

/* Begin PBXResourcesBuildPhase section */
		A98FD9862BF2DBB200EABB52 /* Resources */ = {
			isa = PBXResourcesBuildPhase;
			buildActionMask = 2147483647;
			files = (
				A98FD99B2BF2DBB300EABB52 /* LaunchScreen.storyboard in Resources */,
				A98FD9982BF2DBB300EABB52 /* Assets.xcassets in Resources */,
				A98FD9932BF2DBB200EABB52 /* Main.storyboard in Resources */,
			);
			runOnlyForDeploymentPostprocessing = 0;
		};
/* End PBXResourcesBuildPhase section */

/* Begin PBXSourcesBuildPhase section */
		A98FD9842BF2DBB200EABB52 /* Sources */ = {
			isa = PBXSourcesBuildPhase;
			buildActionMask = 2147483647;
			files = (
				A98FD9902BF2DBB200EABB52 /* ViewController.swift in Sources */,
				A98FD98C2BF2DBB200EABB52 /* AppDelegate.swift in Sources */,
				A98FD98E2BF2DBB200EABB52 /* SceneDelegate.swift in Sources */,
				A98FD9962BF2DBB200EABB52 /* SoundBoard2.xcdatamodeld in Sources */,
				A98EE9462BFBFB1C00EC2FB6 /* SoundViewController.swift in Sources */,
			);
			runOnlyForDeploymentPostprocessing = 0;
		};
/* End PBXSourcesBuildPhase section */

/* Begin PBXVariantGroup section */
		A98FD9912BF2DBB200EABB52 /* Main.storyboard */ = {
			isa = PBXVariantGroup;
			children = (
				A98FD9922BF2DBB200EABB52 /* Base */,
			);
			name = Main.storyboard;
			sourceTree = "<group>";
		};
		A98FD9992BF2DBB300EABB52 /* LaunchScreen.storyboard */ = {
			isa = PBXVariantGroup;
			children = (
				A98FD99A2BF2DBB300EABB52 /* Base */,
			);
			name = LaunchScreen.storyboard;
			sourceTree = "<group>";
		};
/* End PBXVariantGroup section */

/* Begin XCBuildConfiguration section */
		A98FD99D2BF2DBB300EABB52 /* Debug */ = {
			isa = XCBuildConfiguration;
			buildSettings = {
				ALWAYS_SEARCH_USER_PATHS = NO;
				CLANG_ANALYZER_NONNULL = YES;
				CLANG_ANALYZER_NUMBER_OBJECT_CONVERSION = YES_AGGRESSIVE;
				CLANG_CXX_LANGUAGE_STANDARD = "gnu++17";
				CLANG_ENABLE_MODULES = YES;
				CLANG_ENABLE_OBJC_ARC = YES;
				CLANG_ENABLE_OBJC_WEAK = YES;
				CLANG_WARN_BLOCK_CAPTURE_AUTORELEASING = YES;
				CLANG_WARN_BOOL_CONVERSION = YES;
				CLANG_WARN_COMMA = YES;
				CLANG_WARN_CONSTANT_CONVERSION = YES;
				CLANG_WARN_DEPRECATED_OBJC_IMPLEMENTATIONS = YES;
				CLANG_WARN_DIRECT_OBJC_ISA_USAGE = YES_ERROR;
				CLANG_WARN_DOCUMENTATION_COMMENTS = YES;
				CLANG_WARN_EMPTY_BODY = YES;
				CLANG_WARN_ENUM_CONVERSION = YES;
				CLANG_WARN_INFINITE_RECURSION = YES;
				CLANG_WARN_INT_CONVERSION = YES;
				CLANG_WARN_NON_LITERAL_NULL_CONVERSION = YES;
				CLANG_WARN_OBJC_IMPLICIT_RETAIN_SELF = YES;
				CLANG_WARN_OBJC_LITERAL_CONVERSION = YES;
				CLANG_WARN_OBJC_ROOT_CLASS = YES_ERROR;
				CLANG_WARN_QUOTED_INCLUDE_IN_FRAMEWORK_HEADER = YES;
				CLANG_WARN_RANGE_LOOP_ANALYSIS = YES;
				CLANG_WARN_STRICT_PROTOTYPES = YES;
				CLANG_WARN_SUSPICIOUS_MOVE = YES;
				CLANG_WARN_UNGUARDED_AVAILABILITY = YES_AGGRESSIVE;
				CLANG_WARN_UNREACHABLE_CODE = YES;
				CLANG_WARN__DUPLICATE_METHOD_MATCH = YES;
				COPY_PHASE_STRIP = NO;
				DEBUG_INFORMATION_FORMAT = dwarf;
				ENABLE_STRICT_OBJC_MSGSEND = YES;
				ENABLE_TESTABILITY = YES;
				GCC_C_LANGUAGE_STANDARD = gnu11;
				GCC_DYNAMIC_NO_PIC = NO;
				GCC_NO_COMMON_BLOCKS = YES;
				GCC_OPTIMIZATION_LEVEL = 0;
				GCC_PREPROCESSOR_DEFINITIONS = (
					"DEBUG=1",
					"$(inherited)",
				);
				GCC_WARN_64_TO_32_BIT_CONVERSION = YES;
				GCC_WARN_ABOUT_RETURN_TYPE = YES_ERROR;
				GCC_WARN_UNDECLARED_SELECTOR = YES;
				GCC_WARN_UNINITIALIZED_AUTOS = YES_AGGRESSIVE;
				GCC_WARN_UNUSED_FUNCTION = YES;
				GCC_WARN_UNUSED_VARIABLE = YES;
				IPHONEOS_DEPLOYMENT_TARGET = 15.4;
				MTL_ENABLE_DEBUG_INFO = INCLUDE_SOURCE;
				MTL_FAST_MATH = YES;
				ONLY_ACTIVE_ARCH = YES;
				SDKROOT = iphoneos;
				SWIFT_ACTIVE_COMPILATION_CONDITIONS = DEBUG;
				SWIFT_OPTIMIZATION_LEVEL = "-Onone";
			};
			name = Debug;
		};
		A98FD99E2BF2DBB300EABB52 /* Release */ = {
			isa = XCBuildConfiguration;
			buildSettings = {
				ALWAYS_SEARCH_USER_PATHS = NO;
				CLANG_ANALYZER_NONNULL = YES;
				CLANG_ANALYZER_NUMBER_OBJECT_CONVERSION = YES_AGGRESSIVE;
				CLANG_CXX_LANGUAGE_STANDARD = "gnu++17";
				CLANG_ENABLE_MODULES = YES;
				CLANG_ENABLE_OBJC_ARC = YES;
				CLANG_ENABLE_OBJC_WEAK = YES;
				CLANG_WARN_BLOCK_CAPTURE_AUTORELEASING = YES;
				CLANG_WARN_BOOL_CONVERSION = YES;
				CLANG_WARN_COMMA = YES;
				CLANG_WARN_CONSTANT_CONVERSION = YES;
				CLANG_WARN_DEPRECATED_OBJC_IMPLEMENTATIONS = YES;
				CLANG_WARN_DIRECT_OBJC_ISA_USAGE = YES_ERROR;
				CLANG_WARN_DOCUMENTATION_COMMENTS = YES;
				CLANG_WARN_EMPTY_BODY = YES;
				CLANG_WARN_ENUM_CONVERSION = YES;
				CLANG_WARN_INFINITE_RECURSION = YES;
				CLANG_WARN_INT_CONVERSION = YES;
				CLANG_WARN_NON_LITERAL_NULL_CONVERSION = YES;
				CLANG_WARN_OBJC_IMPLICIT_RETAIN_SELF = YES;
				CLANG_WARN_OBJC_LITERAL_CONVERSION = YES;
				CLANG_WARN_OBJC_ROOT_CLASS = YES_ERROR;
				CLANG_WARN_QUOTED_INCLUDE_IN_FRAMEWORK_HEADER = YES;
				CLANG_WARN_RANGE_LOOP_ANALYSIS = YES;
				CLANG_WARN_STRICT_PROTOTYPES = YES;
				CLANG_WARN_SUSPICIOUS_MOVE = YES;
				CLANG_WARN_UNGUARDED_AVAILABILITY = YES_AGGRESSIVE;
				CLANG_WARN_UNREACHABLE_CODE = YES;
				CLANG_WARN__DUPLICATE_METHOD_MATCH = YES;
				COPY_PHASE_STRIP = NO;
				DEBUG_INFORMATION_FORMAT = "dwarf-with-dsym";
				ENABLE_NS_ASSERTIONS = NO;
				ENABLE_STRICT_OBJC_MSGSEND = YES;
				GCC_C_LANGUAGE_STANDARD = gnu11;
				GCC_NO_COMMON_BLOCKS = YES;
				GCC_WARN_64_TO_32_BIT_CONVERSION = YES;
				GCC_WARN_ABOUT_RETURN_TYPE = YES_ERROR;
				GCC_WARN_UNDECLARED_SELECTOR = YES;
				GCC_WARN_UNINITIALIZED_AUTOS = YES_AGGRESSIVE;
				GCC_WARN_UNUSED_FUNCTION = YES;
				GCC_WARN_UNUSED_VARIABLE = YES;
				IPHONEOS_DEPLOYMENT_TARGET = 15.4;
				MTL_ENABLE_DEBUG_INFO = NO;
				MTL_FAST_MATH = YES;
				SDKROOT = iphoneos;
				SWIFT_COMPILATION_MODE = wholemodule;
				SWIFT_OPTIMIZATION_LEVEL = "-O";
				VALIDATE_PRODUCT = YES;
			};
			name = Release;
		};
		A98FD9A02BF2DBB300EABB52 /* Debug */ = {
			isa = XCBuildConfiguration;
			buildSettings = {
				ASSETCATALOG_COMPILER_APPICON_NAME = AppIcon;
				ASSETCATALOG_COMPILER_GLOBAL_ACCENT_COLOR_NAME = AccentColor;
				CODE_SIGN_STYLE = Automatic;
				CURRENT_PROJECT_VERSION = 1;
				GENERATE_INFOPLIST_FILE = YES;
				INFOPLIST_FILE = SoundBoard2/Info.plist;
				INFOPLIST_KEY_UIApplicationSupportsIndirectInputEvents = YES;
				INFOPLIST_KEY_UILaunchStoryboardName = LaunchScreen;
				INFOPLIST_KEY_UIMainStoryboardFile = Main;
				INFOPLIST_KEY_UISupportedInterfaceOrientations_iPad = "UIInterfaceOrientationPortrait UIInterfaceOrientationPortraitUpsideDown UIInterfaceOrientationLandscapeLeft UIInterfaceOrientationLandscapeRight";
				INFOPLIST_KEY_UISupportedInterfaceOrientations_iPhone = "UIInterfaceOrientationPortrait UIInterfaceOrientationLandscapeLeft UIInterfaceOrientationLandscapeRight";
				LD_RUNPATH_SEARCH_PATHS = (
					"$(inherited)",
					"@executable_path/Frameworks",
				);
				MARKETING_VERSION = 1.0;
				PRODUCT_BUNDLE_IDENTIFIER = ponce.com.SoundBoard2;
				PRODUCT_NAME = "$(TARGET_NAME)";
				SWIFT_EMIT_LOC_STRINGS = YES;
				SWIFT_VERSION = 5.0;
				TARGETED_DEVICE_FAMILY = "1,2";
			};
			name = Debug;
		};
		A98FD9A12BF2DBB300EABB52 /* Release */ = {
			isa = XCBuildConfiguration;
			buildSettings = {
				ASSETCATALOG_COMPILER_APPICON_NAME = AppIcon;
				ASSETCATALOG_COMPILER_GLOBAL_ACCENT_COLOR_NAME = AccentColor;
				CODE_SIGN_STYLE = Automatic;
				CURRENT_PROJECT_VERSION = 1;
				GENERATE_INFOPLIST_FILE = YES;
				INFOPLIST_FILE = SoundBoard2/Info.plist;
				INFOPLIST_KEY_UIApplicationSupportsIndirectInputEvents = YES;
				INFOPLIST_KEY_UILaunchStoryboardName = LaunchScreen;
				INFOPLIST_KEY_UIMainStoryboardFile = Main;
				INFOPLIST_KEY_UISupportedInterfaceOrientations_iPad = "UIInterfaceOrientationPortrait UIInterfaceOrientationPortraitUpsideDown UIInterfaceOrientationLandscapeLeft UIInterfaceOrientationLandscapeRight";
				INFOPLIST_KEY_UISupportedInterfaceOrientations_iPhone = "UIInterfaceOrientationPortrait UIInterfaceOrientationLandscapeLeft UIInterfaceOrientationLandscapeRight";
				LD_RUNPATH_SEARCH_PATHS = (
					"$(inherited)",
					"@executable_path/Frameworks",
				);
				MARKETING_VERSION = 1.0;
				PRODUCT_BUNDLE_IDENTIFIER = ponce.com.SoundBoard2;
				PRODUCT_NAME = "$(TARGET_NAME)";
				SWIFT_EMIT_LOC_STRINGS = YES;
				SWIFT_VERSION = 5.0;
				TARGETED_DEVICE_FAMILY = "1,2";
			};
			name = Release;
		};
/* End XCBuildConfiguration section */

/* Begin XCConfigurationList section */
		A98FD9832BF2DBB200EABB52 /* Build configuration list for PBXProject "SoundBoard2" */ = {
			isa = XCConfigurationList;
			buildConfigurations = (
				A98FD99D2BF2DBB300EABB52 /* Debug */,
				A98FD99E2BF2DBB300EABB52 /* Release */,
			);
			defaultConfigurationIsVisible = 0;
			defaultConfigurationName = Release;
		};
		A98FD99F2BF2DBB300EABB52 /* Build configuration list for PBXNativeTarget "SoundBoard2" */ = {
			isa = XCConfigurationList;
			buildConfigurations = (
				A98FD9A02BF2DBB300EABB52 /* Debug */,
				A98FD9A12BF2DBB300EABB52 /* Release */,
			);
			defaultConfigurationIsVisible = 0;
			defaultConfigurationName = Release;
		};
/* End XCConfigurationList section */

/* Begin XCVersionGroup section */
		A98FD9942BF2DBB200EABB52 /* SoundBoard2.xcdatamodeld */ = {
			isa = XCVersionGroup;
			children = (
				A98FD9952BF2DBB200EABB52 /* SoundBoard2.xcdatamodel */,
			);
			currentVersion = A98FD9952BF2DBB200EABB52 /* SoundBoard2.xcdatamodel */;
			path = SoundBoard2.xcdatamodeld;
			sourceTree = "<group>";
			versionGroupType = wrapper.xcdatamodel;
		};
/* End XCVersionGroup section */
	};
	rootObject = A98FD9802BF2DBB200EABB52 /* Project object */;
}
